// !$*UTF8*$!
{
	archiveVersion = 1;
	classes = {
	};
	objectVersion = 48;
	objects = {

/* Begin PBXBuildFile section */
		CE4A25A91FB12EDF006ADE44 /* AppDelegate.m in Sources */ = {isa = PBXBuildFile; fileRef = CE4A25A81FB12EDF006ADE44 /* AppDelegate.m */; };
		CE4A25AF1FB12EDF006ADE44 /* Main.storyboard in Resources */ = {isa = PBXBuildFile; fileRef = CE4A25AD1FB12EDF006ADE44 /* Main.storyboard */; };
		CE4A25B11FB12EDF006ADE44 /* Assets.xcassets in Resources */ = {isa = PBXBuildFile; fileRef = CE4A25B01FB12EDF006ADE44 /* Assets.xcassets */; };
		CE4A25B41FB12EDF006ADE44 /* LaunchScreen.storyboard in Resources */ = {isa = PBXBuildFile; fileRef = CE4A25B21FB12EDF006ADE44 /* LaunchScreen.storyboard */; };
		CE4A25B71FB12EDF006ADE44 /* main.m in Sources */ = {isa = PBXBuildFile; fileRef = CE4A25B61FB12EDF006ADE44 /* main.m */; };
		CE4A25BF1FB1300D006ADE44 /* NamesTableViewController.m in Sources */ = {isa = PBXBuildFile; fileRef = CE4A25BE1FB1300D006ADE44 /* NamesTableViewController.m */; };
		CE4A25C11FB13218006ADE44 /* names.plist in Resources */ = {isa = PBXBuildFile; fileRef = CE4A25C01FB13218006ADE44 /* names.plist */; };
		CE4A25C61FB13D47006ADE44 /* USStates.plist in Resources */ = {isa = PBXBuildFile; fileRef = CE4A25C51FB13D47006ADE44 /* USStates.plist */; };
/* End PBXBuildFile section */

/* Begin PBXFileReference section */
		CE4A25A41FB12EDF006ADE44 /* sc00-PlistAndTableViews.app */ = {isa = PBXFileReference; explicitFileType = wrapper.application; includeInIndex = 0; path = "sc00-PlistAndTableViews.app"; sourceTree = BUILT_PRODUCTS_DIR; };
		CE4A25A71FB12EDF006ADE44 /* AppDelegate.h */ = {isa = PBXFileReference; lastKnownFileType = sourcecode.c.h; path = AppDelegate.h; sourceTree = "<group>"; };
		CE4A25A81FB12EDF006ADE44 /* AppDelegate.m */ = {isa = PBXFileReference; lastKnownFileType = sourcecode.c.objc; path = AppDelegate.m; sourceTree = "<group>"; };
		CE4A25AE1FB12EDF006ADE44 /* Base */ = {isa = PBXFileReference; lastKnownFileType = file.storyboard; name = Base; path = Base.lproj/Main.storyboard; sourceTree = "<group>"; };
		CE4A25B01FB12EDF006ADE44 /* Assets.xcassets */ = {isa = PBXFileReference; lastKnownFileType = folder.assetcatalog; path = Assets.xcassets; sourceTree = "<group>"; };
		CE4A25B31FB12EDF006ADE44 /* Base */ = {isa = PBXFileReference; lastKnownFileType = file.storyboard; name = Base; path = Base.lproj/LaunchScreen.storyboard; sourceTree = "<group>"; };
		CE4A25B51FB12EDF006ADE44 /* Info.plist */ = {isa = PBXFileReference; lastKnownFileType = text.plist.xml; path = Info.plist; sourceTree = "<group>"; };
		CE4A25B61FB12EDF006ADE44 /* main.m */ = {isa = PBXFileReference; lastKnownFileType = sourcecode.c.objc; path = main.m; sourceTree = "<group>"; };
		CE4A25BD1FB1300D006ADE44 /* NamesTableViewController.h */ = {isa = PBXFileReference; lastKnownFileType = sourcecode.c.h; path = NamesTableViewController.h; sourceTree = "<group>"; };
		CE4A25BE1FB1300D006ADE44 /* NamesTableViewController.m */ = {isa = PBXFileReference; lastKnownFileType = sourcecode.c.objc; path = NamesTableViewController.m; sourceTree = "<group>"; };
		CE4A25C01FB13218006ADE44 /* names.plist */ = {isa = PBXFileReference; fileEncoding = 4; lastKnownFileType = text.plist.xml; path = names.plist; sourceTree = "<group>"; };
		CE4A25C51FB13D47006ADE44 /* USStates.plist */ = {isa = PBXFileReference; lastKnownFileType = text.plist.xml; path = USStates.plist; sourceTree = "<group>"; };
/* End PBXFileReference section */

/* Begin PBXFrameworksBuildPhase section */
		CE4A25A11FB12EDF006ADE44 /* Frameworks */ = {
			isa = PBXFrameworksBuildPhase;
			buildActionMask = 2147483647;
			files = (
			);
			runOnlyForDeploymentPostprocessing = 0;
		};
/* End PBXFrameworksBuildPhase section */

/* Begin PBXGroup section */
		CE4A259B1FB12EDF006ADE44 = {
			isa = PBXGroup;
			children = (
				CE4A25A61FB12EDF006ADE44 /* sc00-PlistAndTableViews */,
				CE4A25A51FB12EDF006ADE44 /* Products */,
			);
			sourceTree = "<group>";
		};
		CE4A25A51FB12EDF006ADE44 /* Products */ = {
			isa = PBXGroup;
			children = (
				CE4A25A41FB12EDF006ADE44 /* sc00-PlistAndTableViews.app */,
			);
			name = Products;
			sourceTree = "<group>";
		};
		CE4A25A61FB12EDF006ADE44 /* sc00-PlistAndTableViews */ = {
			isa = PBXGroup;
			children = (
				CE4A25C21FB1329D006ADE44 /* Supporting Files */,
				CE4A25A71FB12EDF006ADE44 /* AppDelegate.h */,
				CE4A25A81FB12EDF006ADE44 /* AppDelegate.m */,
				CE4A25AD1FB12EDF006ADE44 /* Main.storyboard */,
				CE4A25BD1FB1300D006ADE44 /* NamesTableViewController.h */,
				CE4A25BE1FB1300D006ADE44 /* NamesTableViewController.m */,
				CE4A25B01FB12EDF006ADE44 /* Assets.xcassets */,
				CE4A25B21FB12EDF006ADE44 /* LaunchScreen.storyboard */,
				CE4A25B51FB12EDF006ADE44 /* Info.plist */,
				CE4A25B61FB12EDF006ADE44 /* main.m */,
				CE4A25C51FB13D47006ADE44 /* USStates.plist */,
			);
			path = "sc00-PlistAndTableViews";
			sourceTree = "<group>";
		};
		CE4A25C21FB1329D006ADE44 /* Supporting Files */ = {
			isa = PBXGroup;
			children = (
				CE4A25C01FB13218006ADE44 /* names.plist */,
			);
			path = "Supporting Files";
			sourceTree = "<group>";
		};
/* End PBXGroup section */

/* Begin PBXNativeTarget section */
		CE4A25A31FB12EDF006ADE44 /* sc00-PlistAndTableViews */ = {
			isa = PBXNativeTarget;
			buildConfigurationList = CE4A25BA1FB12EDF006ADE44 /* Build configuration list for PBXNativeTarget "sc00-PlistAndTableViews" */;
			buildPhases = (
				CE4A25A01FB12EDF006ADE44 /* Sources */,
				CE4A25A11FB12EDF006ADE44 /* Frameworks */,
				CE4A25A21FB12EDF006ADE44 /* Resources */,
			);
			buildRules = (
			);
			dependencies = (
			);
			name = "sc00-PlistAndTableViews";
			productName = "sc00-PlistAndTableViews";
			productReference = CE4A25A41FB12EDF006ADE44 /* sc00-PlistAndTableViews.app */;
			productType = "com.apple.product-type.application";
		};
/* End PBXNativeTarget section */

/* Begin PBXProject section */
		CE4A259C1FB12EDF006ADE44 /* Project object */ = {
			isa = PBXProject;
			attributes = {
				LastUpgradeCheck = 0900;
				ORGANIZATIONNAME = user;
				TargetAttributes = {
					CE4A25A31FB12EDF006ADE44 = {
						CreatedOnToolsVersion = 9.0.1;
						ProvisioningStyle = Automatic;
					};
				};
			};
			buildConfigurationList = CE4A259F1FB12EDF006ADE44 /* Build configuration list for PBXProject "sc00-PlistAndTableViews" */;
			compatibilityVersion = "Xcode 8.0";
			developmentRegion = en;
			hasScannedForEncodings = 0;
			knownRegions = (
				en,
				Base,
			);
			mainGroup = CE4A259B1FB12EDF006ADE44;
			productRefGroup = CE4A25A51FB12EDF006ADE44 /* Products */;
			projectDirPath = "";
			projectRoot = "";
			targets = (
				CE4A25A31FB12EDF006ADE44 /* sc00-PlistAndTableViews */,
			);
		};
/* End PBXProject section */

/* Begin PBXResourcesBuildPhase section */
		CE4A25A21FB12EDF006ADE44 /* Resources */ = {
			isa = PBXResourcesBuildPhase;
			buildActionMask = 2147483647;
			files = (
				CE4A25B41FB12EDF006ADE44 /* LaunchScreen.storyboard in Resources */,
				CE4A25C11FB13218006ADE44 /* names.plist in Resources */,
				CE4A25B11FB12EDF006ADE44 /* Assets.xcassets in Resources */,
				CE4A25C61FB13D47006ADE44 /* USStates.plist in Resources */,
				CE4A25AF1FB12EDF006ADE44 /* Main.storyboard in Resources */,
			);
			runOnlyForDeploymentPostprocessing = 0;
		};
/* End PBXResourcesBuildPhase section */

/* Begin PBXSourcesBuildPhase section */
		CE4A25A01FB12EDF006ADE44 /* Sources */ = {
			isa = PBXSourcesBuildPhase;
			buildActionMask = 2147483647;
			files = (
				CE4A25B71FB12EDF006ADE44 /* main.m in Sources */,
				CE4A25BF1FB1300D006ADE44 /* NamesTableViewController.m in Sources */,
				CE4A25A91FB12EDF006ADE44 /* AppDelegate.m in Sources */,
			);
			runOnlyForDeploymentPostprocessing = 0;
		};
/* End PBXSourcesBuildPhase section */

/* Begin PBXVariantGroup section */
		CE4A25AD1FB12EDF006ADE44 /* Main.storyboard */ = {
			isa = PBXVariantGroup;
			children = (
				CE4A25AE1FB12EDF006ADE44 /* Base */,
			);
			name = Main.storyboard;
			sourceTree = "<group>";
		};
		CE4A25B21FB12EDF006ADE44 /* LaunchScreen.storyboard */ = {
			isa = PBXVariantGroup;
			children = (
				CE4A25B31FB12EDF006ADE44 /* Base */,
			);
			name = LaunchScreen.storyboard;
			sourceTree = "<group>";
		};
/* End PBXVariantGroup section */

/* Begin XCBuildConfiguration section */
		CE4A25B81FB12EDF006ADE44 /* Debug */ = {
			isa = XCBuildConfiguration;
			buildSettings = {
				ALWAYS_SEARCH_USER_PATHS = NO;
				CLANG_ANALYZER_NONNULL = YES;
				CLANG_ANALYZER_NUMBER_OBJECT_CONVERSION = YES_AGGRESSIVE;
				CLANG_CXX_LANGUAGE_STANDARD = "gnu++14";
				CLANG_CXX_LIBRARY = "libc++";
				CLANG_ENABLE_MODULES = YES;
				CLANG_ENABLE_OBJC_ARC = YES;
				CLANG_WARN_BLOCK_CAPTURE_AUTORELEASING = YES;
				CLANG_WARN_BOOL_CONVERSION = YES;
				CLANG_WARN_COMMA = YES;
				CLANG_WARN_CONSTANT_CONVERSION = YES;
				CLANG_WARN_DIRECT_OBJC_ISA_USAGE = YES_ERROR;
				CLANG_WARN_DOCUMENTATION_COMMENTS = YES;
				CLANG_WARN_EMPTY_BODY = YES;
				CLANG_WARN_ENUM_CONVERSION = YES;
				CLANG_WARN_INFINITE_RECURSION = YES;
				CLANG_WARN_INT_CONVERSION = YES;
				CLANG_WARN_NON_LITERAL_NULL_CONVERSION = YES;
				CLANG_WARN_OBJC_LITERAL_CONVERSION = YES;
				CLANG_WARN_OBJC_ROOT_CLASS = YES_ERROR;
				CLANG_WARN_RANGE_LOOP_ANALYSIS = YES;
				CLANG_WARN_STRICT_PROTOTYPES = YES;
				CLANG_WARN_SUSPICIOUS_MOVE = YES;
				CLANG_WARN_UNGUARDED_AVAILABILITY = YES_AGGRESSIVE;
				CLANG_WARN_UNREACHABLE_CODE = YES;
				CLANG_WARN__DUPLICATE_METHOD_MATCH = YES;
				CODE_SIGN_IDENTITY = "iPhone Developer";
				COPY_PHASE_STRIP = NO;
				DEBUG_INFORMATION_FORMAT = dwarf;
				ENABLE_STRICT_OBJC_MSGSEND = YES;
				ENABLE_TESTABILITY = YES;
				GCC_C_LANGUAGE_STANDARD = gnu11;
				GCC_DYNAMIC_NO_PIC = NO;
				GCC_NO_COMMON_BLOCKS = YES;
				GCC_OPTIMIZATION_LEVEL = 0;
				GCC_PREPROCESSOR_DEFINITIONS = (
					"DEBUG=1",
					"$(inherited)",
				);
				GCC_WARN_64_TO_32_BIT_CONVERSION = YES;
				GCC_WARN_ABOUT_RETURN_TYPE = YES_ERROR;
				GCC_WARN_UNDECLARED_SELECTOR = YES;
				GCC_WARN_UNINITIALIZED_AUTOS = YES_AGGRESSIVE;
				GCC_WARN_UNUSED_FUNCTION = YES;
				GCC_WARN_UNUSED_VARIABLE = YES;
				IPHONEOS_DEPLOYMENT_TARGET = 11.0;
				MTL_ENABLE_DEBUG_INFO = YES;
				ONLY_ACTIVE_ARCH = YES;
				SDKROOT = iphoneos;
			};
			name = Debug;
		};
		CE4A25B91FB12EDF006ADE44 /* Release */ = {
			isa = XCBuildConfiguration;
			buildSettings = {
				ALWAYS_SEARCH_USER_PATHS = NO;
				CLANG_ANALYZER_NONNULL = YES;
				CLANG_ANALYZER_NUMBER_OBJECT_CONVERSION = YES_AGGRESSIVE;
				CLANG_CXX_LANGUAGE_STANDARD = "gnu++14";
				CLANG_CXX_LIBRARY = "libc++";
				CLANG_ENABLE_MODULES = YES;
				CLANG_ENABLE_OBJC_ARC = YES;
				CLANG_WARN_BLOCK_CAPTURE_AUTORELEASING = YES;
				CLANG_WARN_BOOL_CONVERSION = YES;
				CLANG_WARN_COMMA = YES;
				CLANG_WARN_CONSTANT_CONVERSION = YES;
				CLANG_WARN_DIRECT_OBJC_ISA_USAGE = YES_ERROR;
				CLANG_WARN_DOCUMENTATION_COMMENTS = YES;
				CLANG_WARN_EMPTY_BODY = YES;
				CLANG_WARN_ENUM_CONVERSION = YES;
				CLANG_WARN_INFINITE_RECURSION = YES;
				CLANG_WARN_INT_CONVERSION = YES;
				CLANG_WARN_NON_LITERAL_NULL_CONVERSION = YES;
				CLANG_WARN_OBJC_LITERAL_CONVERSION = YES;
				CLANG_WARN_OBJC_ROOT_CLASS = YES_ERROR;
				CLANG_WARN_RANGE_LOOP_ANALYSIS = YES;
				CLANG_WARN_STRICT_PROTOTYPES = YES;
				CLANG_WARN_SUSPICIOUS_MOVE = YES;
				CLANG_WARN_UNGUARDED_AVAILABILITY = YES_AGGRESSIVE;
				CLANG_WARN_UNREACHABLE_CODE = YES;
				CLANG_WARN__DUPLICATE_METHOD_MATCH = YES;
				CODE_SIGN_IDENTITY = "iPhone Developer";
				COPY_PHASE_STRIP = NO;
				DEBUG_INFORMATION_FORMAT = "dwarf-with-dsym";
				ENABLE_NS_ASSERTIONS = NO;
				ENABLE_STRICT_OBJC_MSGSEND = YES;
				GCC_C_LANGUAGE_STANDARD = gnu11;
				GCC_NO_COMMON_BLOCKS = YES;
				GCC_WARN_64_TO_32_BIT_CONVERSION = YES;
				GCC_WARN_ABOUT_RETURN_TYPE = YES_ERROR;
				GCC_WARN_UNDECLARED_SELECTOR = YES;
				GCC_WARN_UNINITIALIZED_AUTOS = YES_AGGRESSIVE;
				GCC_WARN_UNUSED_FUNCTION = YES;
				GCC_WARN_UNUSED_VARIABLE = YES;
				IPHONEOS_DEPLOYMENT_TARGET = 11.0;
				MTL_ENABLE_DEBUG_INFO = NO;
				SDKROOT = iphoneos;
				VALIDATE_PRODUCT = YES;
			};
			name = Release;
		};
		CE4A25BB1FB12EDF006ADE44 /* Debug */ = {
			isa = XCBuildConfiguration;
			buildSettings = {
				ASSETCATALOG_COMPILER_APPICON_NAME = AppIcon;
				CODE_SIGN_STYLE = Automatic;
				INFOPLIST_FILE = "sc00-PlistAndTableViews/Info.plist";
				LD_RUNPATH_SEARCH_PATHS = "$(inherited) @executable_path/Frameworks";
				PRODUCT_BUNDLE_IDENTIFIER = "edu.mdc.cop2658.sc00-PlistAndTableViews";
				PRODUCT_NAME = "$(TARGET_NAME)";
				TARGETED_DEVICE_FAMILY = "1,2";
			};
			name = Debug;
		};
		CE4A25BC1FB12EDF006ADE44 /* Release */ = {
			isa = XCBuildConfiguration;
			buildSettings = {
				ASSETCATALOG_COMPILER_APPICON_NAME = AppIcon;
				CODE_SIGN_STYLE = Automatic;
				INFOPLIST_FILE = "sc00-PlistAndTableViews/Info.plist";
				LD_RUNPATH_SEARCH_PATHS = "$(inherited) @executable_path/Frameworks";
				PRODUCT_BUNDLE_IDENTIFIER = "edu.mdc.cop2658.sc00-PlistAndTableViews";
				PRODUCT_NAME = "$(TARGET_NAME)";
				TARGETED_DEVICE_FAMILY = "1,2";
			};
			name = Release;
		};
/* End XCBuildConfiguration section */

/* Begin XCConfigurationList section */
		CE4A259F1FB12EDF006ADE44 /* Build configuration list for PBXProject "sc00-PlistAndTableViews" */ = {
			isa = XCConfigurationList;
			buildConfigurations = (
				CE4A25B81FB12EDF006ADE44 /* Debug */,
				CE4A25B91FB12EDF006ADE44 /* Release */,
			);
			defaultConfigurationIsVisible = 0;
			defaultConfigurationName = Release;
		};
		CE4A25BA1FB12EDF006ADE44 /* Build configuration list for PBXNativeTarget "sc00-PlistAndTableViews" */ = {
			isa = XCConfigurationList;
			buildConfigurations = (
				CE4A25BB1FB12EDF006ADE44 /* Debug */,
				CE4A25BC1FB12EDF006ADE44 /* Release */,
			);
			defaultConfigurationIsVisible = 0;
			defaultConfigurationName = Release;
		};
/* End XCConfigurationList section */
	};
	rootObject = CE4A259C1FB12EDF006ADE44 /* Project object */;
}
